
Microsoft Visual Studio Solution File, Format Version 12.00
Project("{2150E333-8FDC-42A3-9474-1A3956D46DE8}") = "src", "src", "{4488118D-AF2F-41BF-867A-10F5EDD4C9AC}"
EndProject
Project("{2150E333-8FDC-42A3-9474-1A3956D46DE8}") = "tests", "tests", "{2FAD6471-BE7E-4DC8-8906-1CA8E925F2D2}"
EndProject
Project("{2150E333-8FDC-42A3-9474-1A3956D46DE8}") = "tools", "tools", "{84F579AF-79A7-4DD2-9025-DC4960420825}"
EndProject
Project("{FAE04EC0-301F-11D3-BF4B-00C04F79EFBC}") = "NRN.Web", "src\NRN.Web\NRN.Web.csproj", "{33DCFF18-62A8-4547-9EBB-7F26B6A87FF1}"
EndProject
Project("{FAE04EC0-301F-11D3-BF4B-00C04F79EFBC}") = "NRN.Telegram", "src\NRN.Telegram\NRN.Telegram.csproj", "{6D92B30A-79B7-4B2D-8E39-87C3BBFE6D58}"
EndProject
Project("{FAE04EC0-301F-11D3-BF4B-00C04F79EFBC}") = "NRN.Web.Tests", "tests\NRN.Web.Tests\NRN.Web.Tests.csproj", "{82C307D9-9040-4817-AB6B-D486B8C2993A}"
EndProject
Project("{FAE04EC0-301F-11D3-BF4B-00C04F79EFBC}") = "NRN.Telegram.Tests", "tests\NRN.Telegram.Tests\NRN.Telegram.Tests.csproj", "{79A62D64-C9D2-481D-A7E0-76165BBF2F62}"
EndProject
Global
	GlobalSection(SolutionConfigurationPlatforms) = preSolution
		Debug|Any CPU = Debug|Any CPU
		Debug|x64 = Debug|x64
		Debug|x86 = Debug|x86
		Release|Any CPU = Release|Any CPU
		Release|x64 = Release|x64
		Release|x86 = Release|x86
	EndGlobalSection
	GlobalSection(ProjectConfigurationPlatforms) = postSolution
		{33DCFF18-62A8-4547-9EBB-7F26B6A87FF1}.Debug|Any CPU.ActiveCfg = Debug|Any CPU
		{33DCFF18-62A8-4547-9EBB-7F26B6A87FF1}.Debug|Any CPU.Build.0 = Debug|Any CPU
		{33DCFF18-62A8-4547-9EBB-7F26B6A87FF1}.Debug|x64.ActiveCfg = Debug|Any CPU
		{33DCFF18-62A8-4547-9EBB-7F26B6A87FF1}.Debug|x64.Build.0 = Debug|Any CPU
		{33DCFF18-62A8-4547-9EBB-7F26B6A87FF1}.Debug|x86.ActiveCfg = Debug|Any CPU
		{33DCFF18-62A8-4547-9EBB-7F26B6A87FF1}.Debug|x86.Build.0 = Debug|Any CPU
		{33DCFF18-62A8-4547-9EBB-7F26B6A87FF1}.Release|Any CPU.ActiveCfg = Release|Any CPU
		{33DCFF18-62A8-4547-9EBB-7F26B6A87FF1}.Release|Any CPU.Build.0 = Release|Any CPU
		{33DCFF18-62A8-4547-9EBB-7F26B6A87FF1}.Release|x64.ActiveCfg = Release|Any CPU
		{33DCFF18-62A8-4547-9EBB-7F26B6A87FF1}.Release|x64.Build.0 = Release|Any CPU
		{33DCFF18-62A8-4547-9EBB-7F26B6A87FF1}.Release|x86.ActiveCfg = Release|Any CPU
		{33DCFF18-62A8-4547-9EBB-7F26B6A87FF1}.Release|x86.Build.0 = Release|Any CPU
		{6D92B30A-79B7-4B2D-8E39-87C3BBFE6D58}.Debug|Any CPU.ActiveCfg = Debug|Any CPU
		{6D92B30A-79B7-4B2D-8E39-87C3BBFE6D58}.Debug|Any CPU.Build.0 = Debug|Any CPU
		{6D92B30A-79B7-4B2D-8E39-87C3BBFE6D58}.Debug|x64.ActiveCfg = Debug|Any CPU
		{6D92B30A-79B7-4B2D-8E39-87C3BBFE6D58}.Debug|x64.Build.0 = Debug|Any CPU
		{6D92B30A-79B7-4B2D-8E39-87C3BBFE6D58}.Debug|x86.ActiveCfg = Debug|Any CPU
		{6D92B30A-79B7-4B2D-8E39-87C3BBFE6D58}.Debug|x86.Build.0 = Debug|Any CPU
		{6D92B30A-79B7-4B2D-8E39-87C3BBFE6D58}.Release|Any CPU.ActiveCfg = Release|Any CPU
		{6D92B30A-79B7-4B2D-8E39-87C3BBFE6D58}.Release|Any CPU.Build.0 = Release|Any CPU
		{6D92B30A-79B7-4B2D-8E39-87C3BBFE6D58}.Release|x64.ActiveCfg = Release|Any CPU
		{6D92B30A-79B7-4B2D-8E39-87C3BBFE6D58}.Release|x64.Build.0 = Release|Any CPU
		{6D92B30A-79B7-4B2D-8E39-87C3BBFE6D58}.Release|x86.ActiveCfg = Release|Any CPU
		{6D92B30A-79B7-4B2D-8E39-87C3BBFE6D58}.Release|x86.Build.0 = Release|Any CPU
		{82C307D9-9040-4817-AB6B-D486B8C2993A}.Debug|Any CPU.ActiveCfg = Debug|Any CPU
		{82C307D9-9040-4817-AB6B-D486B8C2993A}.Debug|Any CPU.Build.0 = Debug|Any CPU
		{82C307D9-9040-4817-AB6B-D486B8C2993A}.Debug|x64.ActiveCfg = Debug|Any CPU
		{82C307D9-9040-4817-AB6B-D486B8C2993A}.Debug|x64.Build.0 = Debug|Any CPU
		{82C307D9-9040-4817-AB6B-D486B8C2993A}.Debug|x86.ActiveCfg = Debug|Any CPU
		{82C307D9-9040-4817-AB6B-D486B8C2993A}.Debug|x86.Build.0 = Debug|Any CPU
		{82C307D9-9040-4817-AB6B-D486B8C2993A}.Release|Any CPU.ActiveCfg = Release|Any CPU
		{82C307D9-9040-4817-AB6B-D486B8C2993A}.Release|Any CPU.Build.0 = Release|Any CPU
		{82C307D9-9040-4817-AB6B-D486B8C2993A}.Release|x64.ActiveCfg = Release|Any CPU
		{82C307D9-9040-4817-AB6B-D486B8C2993A}.Release|x64.Build.0 = Release|Any CPU
		{82C307D9-9040-4817-AB6B-D486B8C2993A}.Release|x86.ActiveCfg = Release|Any CPU
		{82C307D9-9040-4817-AB6B-D486B8C2993A}.Release|x86.Build.0 = Release|Any CPU
		{79A62D64-C9D2-481D-A7E0-76165BBF2F62}.Debug|Any CPU.ActiveCfg = Debug|Any CPU
		{79A62D64-C9D2-481D-A7E0-76165BBF2F62}.Debug|Any CPU.Build.0 = Debug|Any CPU
		{79A62D64-C9D2-481D-A7E0-76165BBF2F62}.Debug|x64.ActiveCfg = Debug|Any CPU
		{79A62D64-C9D2-481D-A7E0-76165BBF2F62}.Debug|x64.Build.0 = Debug|Any CPU
		{79A62D64-C9D2-481D-A7E0-76165BBF2F62}.Debug|x86.ActiveCfg = Debug|Any CPU
		{79A62D64-C9D2-481D-A7E0-76165BBF2F62}.Debug|x86.Build.0 = Debug|Any CPU
		{79A62D64-C9D2-481D-A7E0-76165BBF2F62}.Release|Any CPU.ActiveCfg = Release|Any CPU
		{79A62D64-C9D2-481D-A7E0-76165BBF2F62}.Release|Any CPU.Build.0 = Release|Any CPU
		{79A62D64-C9D2-481D-A7E0-76165BBF2F62}.Release|x64.ActiveCfg = Release|Any CPU
		{79A62D64-C9D2-481D-A7E0-76165BBF2F62}.Release|x64.Build.0 = Release|Any CPU
		{79A62D64-C9D2-481D-A7E0-76165BBF2F62}.Release|x86.ActiveCfg = Release|Any CPU
		{79A62D64-C9D2-481D-A7E0-76165BBF2F62}.Release|x86.Build.0 = Release|Any CPU
	EndGlobalSection
	GlobalSection(SolutionProperties) = preSolution
		HideSolutionNode = FALSE
	EndGlobalSection
	GlobalSection(NestedProjects) = preSolution
		{33DCFF18-62A8-4547-9EBB-7F26B6A87FF1} = {4488118D-AF2F-41BF-867A-10F5EDD4C9AC}
		{6D92B30A-79B7-4B2D-8E39-87C3BBFE6D58} = {4488118D-AF2F-41BF-867A-10F5EDD4C9AC}
		{82C307D9-9040-4817-AB6B-D486B8C2993A} = {2FAD6471-BE7E-4DC8-8906-1CA8E925F2D2}
		{79A62D64-C9D2-481D-A7E0-76165BBF2F62} = {2FAD6471-BE7E-4DC8-8906-1CA8E925F2D2}
	EndGlobalSection
EndGlobal
